
Microsoft Visual Studio Solution File, Format Version 12.00
# Visual Studio Version 16
VisualStudioVersion = 16.0.29326.143
MinimumVisualStudioVersion = 10.0.40219.1
Project("{FAE04EC0-301F-11D3-BF4B-00C04F79EFBC}") = "CourseProject", "CourseProject\CourseProject.csproj", "{0E4D8B8D-3DE2-4526-86E1-7A3BEAD29E6E}"
EndProject
Global
	GlobalSection(SolutionConfigurationPlatforms) = preSolution
		Debug|Any CPU = Debug|Any CPU
		Release|Any CPU = Release|Any CPU
	EndGlobalSection
	GlobalSection(ProjectConfigurationPlatforms) = postSolution
		{0E4D8B8D-3DE2-4526-86E1-7A3BEAD29E6E}.Debug|Any CPU.ActiveCfg = Debug|Any CPU
		{0E4D8B8D-3DE2-4526-86E1-7A3BEAD29E6E}.Debug|Any CPU.Build.0 = Debug|Any CPU
		{0E4D8B8D-3DE2-4526-86E1-7A3BEAD29E6E}.Release|Any CPU.ActiveCfg = Release|Any CPU
		{0E4D8B8D-3DE2-4526-86E1-7A3BEAD29E6E}.Release|Any CPU.Build.0 = Release|Any CPU
	EndGlobalSection
	GlobalSection(SolutionProperties) = preSolution
		HideSolutionNode = FALSE
	EndGlobalSection
	GlobalSection(ExtensibilityGlobals) = postSolution
		SolutionGuid = {AD9EAC80-4B0D-4B73-B391-3F6B0F86510C}
	EndGlobalSection
EndGlobal
